
Microsoft Visual Studio Solution File, Format Version 12.00
# Visual Studio Version 17
VisualStudioVersion = 17.7.34031.279
MinimumVisualStudioVersion = 10.0.40219.1
Project("{FAE04EC0-301F-11D3-BF4B-00C04F79EFBC}") = "AgendaMedicamentos", "AgendaMedicamentos.csproj", "{9CABC963-8B78-4B2C-BB29-1D0BF251CB8B}"
EndProject
Global
	GlobalSection(SolutionConfigurationPlatforms) = preSolution
		Debug|Any CPU = Debug|Any CPU
		Release|Any CPU = Release|Any CPU
	EndGlobalSection
	GlobalSection(ProjectConfigurationPlatforms) = postSolution
		{9CABC963-8B78-4B2C-BB29-1D0BF251CB8B}.Debug|Any CPU.ActiveCfg = Debug|Any CPU
		{9CABC963-8B78-4B2C-BB29-1D0BF251CB8B}.Debug|Any CPU.Build.0 = Debug|Any CPU
		{9CABC963-8B78-4B2C-BB29-1D0BF251CB8B}.Release|Any CPU.ActiveCfg = Release|Any CPU
		{9CABC963-8B78-4B2C-BB29-1D0BF251CB8B}.Release|Any CPU.Build.0 = Release|Any CPU
	EndGlobalSection
	GlobalSection(SolutionProperties) = preSolution
		HideSolutionNode = FALSE
	EndGlobalSection
	GlobalSection(ExtensibilityGlobals) = postSolution
		SolutionGuid = {91FAF9F2-0BCA-48F7-AF03-4BB486681CDE}
	EndGlobalSection
EndGlobal
